
Microsoft Visual Studio Solution File, Format Version 12.00
# Visual Studio Version 16
VisualStudioVersion = 16.0.33027.164
MinimumVisualStudioVersion = 10.0.40219.1
Project("{FAE04EC0-301F-11D3-BF4B-00C04F79EFBC}") = "Cobilas.IO", "Cobilas.IO\Cobilas.IO.csproj", "{D535D21A-ADFA-4EA5-A7FC-0C926BB9645E}"
EndProject
Project("{FAE04EC0-301F-11D3-BF4B-00C04F79EFBC}") = "Cobilas.IO.Alf.Alfbt", "Cobilas.IO.Alf.Alfbt\Cobilas.IO.Alf.Alfbt.csproj", "{30332B3F-186C-4F75-8962-85E86E13C6E2}"
EndProject
Global
	GlobalSection(SolutionConfigurationPlatforms) = preSolution
		Debug|Any CPU = Debug|Any CPU
		Release|Any CPU = Release|Any CPU
	EndGlobalSection
	GlobalSection(ProjectConfigurationPlatforms) = postSolution
		{D535D21A-ADFA-4EA5-A7FC-0C926BB9645E}.Debug|Any CPU.ActiveCfg = Debug|Any CPU
		{D535D21A-ADFA-4EA5-A7FC-0C926BB9645E}.Debug|Any CPU.Build.0 = Debug|Any CPU
		{D535D21A-ADFA-4EA5-A7FC-0C926BB9645E}.Release|Any CPU.ActiveCfg = Release|Any CPU
		{D535D21A-ADFA-4EA5-A7FC-0C926BB9645E}.Release|Any CPU.Build.0 = Release|Any CPU
		{30332B3F-186C-4F75-8962-85E86E13C6E2}.Debug|Any CPU.ActiveCfg = Debug|Any CPU
		{30332B3F-186C-4F75-8962-85E86E13C6E2}.Debug|Any CPU.Build.0 = Debug|Any CPU
		{30332B3F-186C-4F75-8962-85E86E13C6E2}.Release|Any CPU.ActiveCfg = Release|Any CPU
		{30332B3F-186C-4F75-8962-85E86E13C6E2}.Release|Any CPU.Build.0 = Release|Any CPU
	EndGlobalSection
	GlobalSection(SolutionProperties) = preSolution
		HideSolutionNode = FALSE
	EndGlobalSection
	GlobalSection(ExtensibilityGlobals) = postSolution
		SolutionGuid = {4154E126-C6D7-4543-977D-50B3FC2A674E}
	EndGlobalSection
EndGlobal
